
Microsoft Visual Studio Solution File, Format Version 12.00
# Visual Studio Version 17
VisualStudioVersion = 17.11.35222.181
MinimumVisualStudioVersion = 10.0.40219.1
Project("{FAE04EC0-301F-11D3-BF4B-00C04F79EFBC}") = "ArsVisual", "ArsVisual.csproj", "{4D57D1FD-3A26-4595-9E11-C5266E0A21B9}"
EndProject
Global
	GlobalSection(SolutionConfigurationPlatforms) = preSolution
		Debug|Any CPU = Debug|Any CPU
		Release|Any CPU = Release|Any CPU
	EndGlobalSection
	GlobalSection(ProjectConfigurationPlatforms) = postSolution
		{4D57D1FD-3A26-4595-9E11-C5266E0A21B9}.Debug|Any CPU.ActiveCfg = Debug|Any CPU
		{4D57D1FD-3A26-4595-9E11-C5266E0A21B9}.Debug|Any CPU.Build.0 = Debug|Any CPU
		{4D57D1FD-3A26-4595-9E11-C5266E0A21B9}.Release|Any CPU.ActiveCfg = Release|Any CPU
		{4D57D1FD-3A26-4595-9E11-C5266E0A21B9}.Release|Any CPU.Build.0 = Release|Any CPU
	EndGlobalSection
	GlobalSection(SolutionProperties) = preSolution
		HideSolutionNode = FALSE
	EndGlobalSection
	GlobalSection(ExtensibilityGlobals) = postSolution
		SolutionGuid = {BEAA45CD-610A-4F35-B74A-DAFAC9578366}
	EndGlobalSection
EndGlobal
